schema: '2.0'
stages:
  train:
    cmd: python training_forecast_model_v3.py
    deps:
    - path: agents/models.py
      md5: 54e844460b34ce80932ecfa637b085a8
      size: 13984
    - path: data_histo/data.parquet
      md5: d07ad457cc968d1031a48c0a9e4c7d31
      size: 1924946
    - path: training_forecast_model_v3.py
      md5: bbd60b39b7bf54d53214c56fe825af0e
      size: 3873
    outs:
    - path: models/model_world_v3.pt
      md5: 675dcd075d72e2186e27fbbc2563da85
      size: 249391
  data_creation:
    cmd: python data_generation.py
    deps:
    - path: data_generation.py
      md5: 69b7f06d76e4c06a6b0c1a988004d271
      size: 4713
    outs:
    - path: data_histo/data.parquet
      md5: d07ad457cc968d1031a48c0a9e4c7d31
      size: 1924946
  evaluation:
    cmd: python evaluation.py
    deps:
    - path: data_histo/data.parquet
      md5: d07ad457cc968d1031a48c0a9e4c7d31
      size: 1924946
    - path: evaluation.py
      md5: 4c937d8b19db7455589d0204e80d9efe
      size: 10891
    - path: models/model_world_v3.pt
      md5: 675dcd075d72e2186e27fbbc2563da85
      size: 249391
    outs:
    - path: metrics/performance_v3.json
      md5: ad2f04a25867e7efd012d8bc20a9028f
      size: 337
    - path: results_worldmodel/
      md5: ba82f6282c4fdde4aaee45016502bdac.dir
      size: 15843673
      nfiles: 13
